
Microsoft Visual Studio Solution File, Format Version 12.00
# Visual Studio Version 17
VisualStudioVersion = 17.9.34728.123
MinimumVisualStudioVersion = 10.0.40219.1
Project("{9A19103F-16F7-4668-BE54-9A1E7A4F7556}") = "PersonalBankAccountManager", "PersonalBankAccountManager\PersonalBankAccountManager.csproj", "{C11E85B6-CD40-4DB3-B479-E20276635986}"
EndProject
Project("{9A19103F-16F7-4668-BE54-9A1E7A4F7556}") = "Domain", "Models\Domain.csproj", "{A744F677-F49F-4A07-B54B-99BBFF393396}"
EndProject
Project("{9A19103F-16F7-4668-BE54-9A1E7A4F7556}") = "Abstraction", "Abstraction\Abstraction.csproj", "{7E3A9874-E7DE-43F1-ABB5-EABCA853F42A}"
EndProject
Project("{9A19103F-16F7-4668-BE54-9A1E7A4F7556}") = "Persistence", "Persistence\Persistence.csproj", "{CF3DE820-FA46-428A-AA32-8EFB6DD87D95}"
EndProject
Project("{2150E333-8FDC-42A3-9474-1A3956D46DE8}") = "Infrastructure", "Infrastructure", "{64431B14-91F9-42B7-BFC0-7EA474C742A1}"
EndProject
Project("{9A19103F-16F7-4668-BE54-9A1E7A4F7556}") = "Service", "Service\Service.csproj", "{841A83AB-6B3F-43A0-96C7-627144CDDEB5}"
EndProject
Project("{2150E333-8FDC-42A3-9474-1A3956D46DE8}") = "ServiceLayer", "ServiceLayer", "{2ACC0E1E-C399-4D42-8765-4B1B160B2CE6}"
EndProject
Project("{9A19103F-16F7-4668-BE54-9A1E7A4F7556}") = "DataTransferObject", "DataTransferObject\DataTransferObject.csproj", "{36C07946-0B2C-49E9-99F3-7098E5D3E949}"
EndProject
Project("{FAE04EC0-301F-11D3-BF4B-00C04F79EFBC}") = "Shared", "Shared\Shared.csproj", "{1FC2386C-7AC2-4E6F-8109-D3FE172D3D70}"
EndProject
Global
	GlobalSection(SolutionConfigurationPlatforms) = preSolution
		Debug|Any CPU = Debug|Any CPU
		Release|Any CPU = Release|Any CPU
	EndGlobalSection
	GlobalSection(ProjectConfigurationPlatforms) = postSolution
		{C11E85B6-CD40-4DB3-B479-E20276635986}.Debug|Any CPU.ActiveCfg = Debug|Any CPU
		{C11E85B6-CD40-4DB3-B479-E20276635986}.Debug|Any CPU.Build.0 = Debug|Any CPU
		{C11E85B6-CD40-4DB3-B479-E20276635986}.Release|Any CPU.ActiveCfg = Release|Any CPU
		{C11E85B6-CD40-4DB3-B479-E20276635986}.Release|Any CPU.Build.0 = Release|Any CPU
		{A744F677-F49F-4A07-B54B-99BBFF393396}.Debug|Any CPU.ActiveCfg = Debug|Any CPU
		{A744F677-F49F-4A07-B54B-99BBFF393396}.Debug|Any CPU.Build.0 = Debug|Any CPU
		{A744F677-F49F-4A07-B54B-99BBFF393396}.Release|Any CPU.ActiveCfg = Release|Any CPU
		{A744F677-F49F-4A07-B54B-99BBFF393396}.Release|Any CPU.Build.0 = Release|Any CPU
		{7E3A9874-E7DE-43F1-ABB5-EABCA853F42A}.Debug|Any CPU.ActiveCfg = Debug|Any CPU
		{7E3A9874-E7DE-43F1-ABB5-EABCA853F42A}.Debug|Any CPU.Build.0 = Debug|Any CPU
		{7E3A9874-E7DE-43F1-ABB5-EABCA853F42A}.Release|Any CPU.ActiveCfg = Release|Any CPU
		{7E3A9874-E7DE-43F1-ABB5-EABCA853F42A}.Release|Any CPU.Build.0 = Release|Any CPU
		{CF3DE820-FA46-428A-AA32-8EFB6DD87D95}.Debug|Any CPU.ActiveCfg = Debug|Any CPU
		{CF3DE820-FA46-428A-AA32-8EFB6DD87D95}.Debug|Any CPU.Build.0 = Debug|Any CPU
		{CF3DE820-FA46-428A-AA32-8EFB6DD87D95}.Release|Any CPU.ActiveCfg = Release|Any CPU
		{CF3DE820-FA46-428A-AA32-8EFB6DD87D95}.Release|Any CPU.Build.0 = Release|Any CPU
		{841A83AB-6B3F-43A0-96C7-627144CDDEB5}.Debug|Any CPU.ActiveCfg = Debug|Any CPU
		{841A83AB-6B3F-43A0-96C7-627144CDDEB5}.Debug|Any CPU.Build.0 = Debug|Any CPU
		{841A83AB-6B3F-43A0-96C7-627144CDDEB5}.Release|Any CPU.ActiveCfg = Release|Any CPU
		{841A83AB-6B3F-43A0-96C7-627144CDDEB5}.Release|Any CPU.Build.0 = Release|Any CPU
		{36C07946-0B2C-49E9-99F3-7098E5D3E949}.Debug|Any CPU.ActiveCfg = Debug|Any CPU
		{36C07946-0B2C-49E9-99F3-7098E5D3E949}.Debug|Any CPU.Build.0 = Debug|Any CPU
		{36C07946-0B2C-49E9-99F3-7098E5D3E949}.Release|Any CPU.ActiveCfg = Release|Any CPU
		{36C07946-0B2C-49E9-99F3-7098E5D3E949}.Release|Any CPU.Build.0 = Release|Any CPU
		{1FC2386C-7AC2-4E6F-8109-D3FE172D3D70}.Debug|Any CPU.ActiveCfg = Debug|Any CPU
		{1FC2386C-7AC2-4E6F-8109-D3FE172D3D70}.Debug|Any CPU.Build.0 = Debug|Any CPU
		{1FC2386C-7AC2-4E6F-8109-D3FE172D3D70}.Release|Any CPU.ActiveCfg = Release|Any CPU
		{1FC2386C-7AC2-4E6F-8109-D3FE172D3D70}.Release|Any CPU.Build.0 = Release|Any CPU
	EndGlobalSection
	GlobalSection(SolutionProperties) = preSolution
		HideSolutionNode = FALSE
	EndGlobalSection
	GlobalSection(NestedProjects) = preSolution
		{7E3A9874-E7DE-43F1-ABB5-EABCA853F42A} = {64431B14-91F9-42B7-BFC0-7EA474C742A1}
		{CF3DE820-FA46-428A-AA32-8EFB6DD87D95} = {64431B14-91F9-42B7-BFC0-7EA474C742A1}
		{841A83AB-6B3F-43A0-96C7-627144CDDEB5} = {2ACC0E1E-C399-4D42-8765-4B1B160B2CE6}
		{36C07946-0B2C-49E9-99F3-7098E5D3E949} = {2ACC0E1E-C399-4D42-8765-4B1B160B2CE6}
	EndGlobalSection
	GlobalSection(ExtensibilityGlobals) = postSolution
		SolutionGuid = {3AFE42CB-0F68-47B6-A20C-9B3EBEE82E48}
	EndGlobalSection
EndGlobal
